// !$*UTF8*$!
{
	archiveVersion = 1;
	classes = {
	};
	objectVersion = 56;
	objects = {

/* Begin PBXBuildFile section */
		5017831D2A312F7F00FE406D /* AppDelegate.swift in Sources */ = {isa = PBXBuildFile; fileRef = 5017831C2A312F7F00FE406D /* AppDelegate.swift */; };
		5017831F2A312F7F00FE406D /* SceneDelegate.swift in Sources */ = {isa = PBXBuildFile; fileRef = 5017831E2A312F7F00FE406D /* SceneDelegate.swift */; };
		501783212A312F7F00FE406D /* ViewController.swift in Sources */ = {isa = PBXBuildFile; fileRef = 501783202A312F7F00FE406D /* ViewController.swift */; };
		501783242A312F7F00FE406D /* Main.storyboard in Resources */ = {isa = PBXBuildFile; fileRef = 501783222A312F7F00FE406D /* Main.storyboard */; };
		501783262A312F8000FE406D /* Assets.xcassets in Resources */ = {isa = PBXBuildFile; fileRef = 501783252A312F8000FE406D /* Assets.xcassets */; };
		501783292A312F8000FE406D /* LaunchScreen.storyboard in Resources */ = {isa = PBXBuildFile; fileRef = 501783272A312F8000FE406D /* LaunchScreen.storyboard */; };
		501783342A312F8000FE406D /* MVVMApiCallTests.swift in Sources */ = {isa = PBXBuildFile; fileRef = 501783332A312F8000FE406D /* MVVMApiCallTests.swift */; };
		5017833E2A312F8000FE406D /* MVVMApiCallUITests.swift in Sources */ = {isa = PBXBuildFile; fileRef = 5017833D2A312F8000FE406D /* MVVMApiCallUITests.swift */; };
		501783402A312F8000FE406D /* MVVMApiCallUITestsLaunchTests.swift in Sources */ = {isa = PBXBuildFile; fileRef = 5017833F2A312F8000FE406D /* MVVMApiCallUITestsLaunchTests.swift */; };
/* End PBXBuildFile section */

/* Begin PBXContainerItemProxy section */
		501783302A312F8000FE406D /* PBXContainerItemProxy */ = {
			isa = PBXContainerItemProxy;
			containerPortal = 501783112A312F7F00FE406D /* Project object */;
			proxyType = 1;
			remoteGlobalIDString = 501783182A312F7F00FE406D;
			remoteInfo = MVVMApiCall;
		};
		5017833A2A312F8000FE406D /* PBXContainerItemProxy */ = {
			isa = PBXContainerItemProxy;
			containerPortal = 501783112A312F7F00FE406D /* Project object */;
			proxyType = 1;
			remoteGlobalIDString = 501783182A312F7F00FE406D;
			remoteInfo = MVVMApiCall;
		};
/* End PBXContainerItemProxy section */

/* Begin PBXFileReference section */
		501783192A312F7F00FE406D /* MVVMApiCall.app */ = {isa = PBXFileReference; explicitFileType = wrapper.application; includeInIndex = 0; path = MVVMApiCall.app; sourceTree = BUILT_PRODUCTS_DIR; };
		5017831C2A312F7F00FE406D /* AppDelegate.swift */ = {isa = PBXFileReference; lastKnownFileType = sourcecode.swift; path = AppDelegate.swift; sourceTree = "<group>"; };
		5017831E2A312F7F00FE406D /* SceneDelegate.swift */ = {isa = PBXFileReference; lastKnownFileType = sourcecode.swift; path = SceneDelegate.swift; sourceTree = "<group>"; };
		501783202A312F7F00FE406D /* ViewController.swift */ = {isa = PBXFileReference; lastKnownFileType = sourcecode.swift; path = ViewController.swift; sourceTree = "<group>"; };
		501783232A312F7F00FE406D /* Base */ = {isa = PBXFileReference; lastKnownFileType = file.storyboard; name = Base; path = Base.lproj/Main.storyboard; sourceTree = "<group>"; };
		501783252A312F8000FE406D /* Assets.xcassets */ = {isa = PBXFileReference; lastKnownFileType = folder.assetcatalog; path = Assets.xcassets; sourceTree = "<group>"; };
		501783282A312F8000FE406D /* Base */ = {isa = PBXFileReference; lastKnownFileType = file.storyboard; name = Base; path = Base.lproj/LaunchScreen.storyboard; sourceTree = "<group>"; };
		5017832A2A312F8000FE406D /* Info.plist */ = {isa = PBXFileReference; lastKnownFileType = text.plist.xml; path = Info.plist; sourceTree = "<group>"; };
		5017832F2A312F8000FE406D /* MVVMApiCallTests.xctest */ = {isa = PBXFileReference; explicitFileType = wrapper.cfbundle; includeInIndex = 0; path = MVVMApiCallTests.xctest; sourceTree = BUILT_PRODUCTS_DIR; };
		501783332A312F8000FE406D /* MVVMApiCallTests.swift */ = {isa = PBXFileReference; lastKnownFileType = sourcecode.swift; path = MVVMApiCallTests.swift; sourceTree = "<group>"; };
		501783392A312F8000FE406D /* MVVMApiCallUITests.xctest */ = {isa = PBXFileReference; explicitFileType = wrapper.cfbundle; includeInIndex = 0; path = MVVMApiCallUITests.xctest; sourceTree = BUILT_PRODUCTS_DIR; };
		5017833D2A312F8000FE406D /* MVVMApiCallUITests.swift */ = {isa = PBXFileReference; lastKnownFileType = sourcecode.swift; path = MVVMApiCallUITests.swift; sourceTree = "<group>"; };
		5017833F2A312F8000FE406D /* MVVMApiCallUITestsLaunchTests.swift */ = {isa = PBXFileReference; lastKnownFileType = sourcecode.swift; path = MVVMApiCallUITestsLaunchTests.swift; sourceTree = "<group>"; };
/* End PBXFileReference section */

/* Begin PBXFrameworksBuildPhase section */
		501783162A312F7F00FE406D /* Frameworks */ = {
			isa = PBXFrameworksBuildPhase;
			buildActionMask = 2147483647;
			files = (
			);
			runOnlyForDeploymentPostprocessing = 0;
		};
		5017832C2A312F8000FE406D /* Frameworks */ = {
			isa = PBXFrameworksBuildPhase;
			buildActionMask = 2147483647;
			files = (
			);
			runOnlyForDeploymentPostprocessing = 0;
		};
		501783362A312F8000FE406D /* Frameworks */ = {
			isa = PBXFrameworksBuildPhase;
			buildActionMask = 2147483647;
			files = (
			);
			runOnlyForDeploymentPostprocessing = 0;
		};
/* End PBXFrameworksBuildPhase section */

/* Begin PBXGroup section */
		501783102A312F7F00FE406D = {
			isa = PBXGroup;
			children = (
				5017831B2A312F7F00FE406D /* MVVMApiCall */,
				501783322A312F8000FE406D /* MVVMApiCallTests */,
				5017833C2A312F8000FE406D /* MVVMApiCallUITests */,
				5017831A2A312F7F00FE406D /* Products */,
			);
			sourceTree = "<group>";
		};
		5017831A2A312F7F00FE406D /* Products */ = {
			isa = PBXGroup;
			children = (
				501783192A312F7F00FE406D /* MVVMApiCall.app */,
				5017832F2A312F8000FE406D /* MVVMApiCallTests.xctest */,
				501783392A312F8000FE406D /* MVVMApiCallUITests.xctest */,
			);
			name = Products;
			sourceTree = "<group>";
		};
		5017831B2A312F7F00FE406D /* MVVMApiCall */ = {
			isa = PBXGroup;
			children = (
				5017831C2A312F7F00FE406D /* AppDelegate.swift */,
				5017831E2A312F7F00FE406D /* SceneDelegate.swift */,
				501783202A312F7F00FE406D /* ViewController.swift */,
				501783222A312F7F00FE406D /* Main.storyboard */,
				501783252A312F8000FE406D /* Assets.xcassets */,
				501783272A312F8000FE406D /* LaunchScreen.storyboard */,
				5017832A2A312F8000FE406D /* Info.plist */,
			);
			path = MVVMApiCall;
			sourceTree = "<group>";
		};
		501783322A312F8000FE406D /* MVVMApiCallTests */ = {
			isa = PBXGroup;
			children = (
				501783332A312F8000FE406D /* MVVMApiCallTests.swift */,
			);
			path = MVVMApiCallTests;
			sourceTree = "<group>";
		};
		5017833C2A312F8000FE406D /* MVVMApiCallUITests */ = {
			isa = PBXGroup;
			children = (
				5017833D2A312F8000FE406D /* MVVMApiCallUITests.swift */,
				5017833F2A312F8000FE406D /* MVVMApiCallUITestsLaunchTests.swift */,
			);
			path = MVVMApiCallUITests;
			sourceTree = "<group>";
		};
/* End PBXGroup section */

/* Begin PBXNativeTarget section */
		501783182A312F7F00FE406D /* MVVMApiCall */ = {
			isa = PBXNativeTarget;
			buildConfigurationList = 501783432A312F8000FE406D /* Build configuration list for PBXNativeTarget "MVVMApiCall" */;
			buildPhases = (
				501783152A312F7F00FE406D /* Sources */,
				501783162A312F7F00FE406D /* Frameworks */,
				501783172A312F7F00FE406D /* Resources */,
			);
			buildRules = (
			);
			dependencies = (
			);
			name = MVVMApiCall;
			productName = MVVMApiCall;
			productReference = 501783192A312F7F00FE406D /* MVVMApiCall.app */;
			productType = "com.apple.product-type.application";
		};
		5017832E2A312F8000FE406D /* MVVMApiCallTests */ = {
			isa = PBXNativeTarget;
			buildConfigurationList = 501783462A312F8000FE406D /* Build configuration list for PBXNativeTarget "MVVMApiCallTests" */;
			buildPhases = (
				5017832B2A312F8000FE406D /* Sources */,
				5017832C2A312F8000FE406D /* Frameworks */,
				5017832D2A312F8000FE406D /* Resources */,
			);
			buildRules = (
			);
			dependencies = (
				501783312A312F8000FE406D /* PBXTargetDependency */,
			);
			name = MVVMApiCallTests;
			productName = MVVMApiCallTests;
			productReference = 5017832F2A312F8000FE406D /* MVVMApiCallTests.xctest */;
			productType = "com.apple.product-type.bundle.unit-test";
		};
		501783382A312F8000FE406D /* MVVMApiCallUITests */ = {
			isa = PBXNativeTarget;
			buildConfigurationList = 501783492A312F8000FE406D /* Build configuration list for PBXNativeTarget "MVVMApiCallUITests" */;
			buildPhases = (
				501783352A312F8000FE406D /* Sources */,
				501783362A312F8000FE406D /* Frameworks */,
				501783372A312F8000FE406D /* Resources */,
			);
			buildRules = (
			);
			dependencies = (
				5017833B2A312F8000FE406D /* PBXTargetDependency */,
			);
			name = MVVMApiCallUITests;
			productName = MVVMApiCallUITests;
			productReference = 501783392A312F8000FE406D /* MVVMApiCallUITests.xctest */;
			productType = "com.apple.product-type.bundle.ui-testing";
		};
/* End PBXNativeTarget section */

/* Begin PBXProject section */
		501783112A312F7F00FE406D /* Project object */ = {
			isa = PBXProject;
			attributes = {
				BuildIndependentTargetsInParallel = 1;
				LastSwiftUpdateCheck = 1430;
				LastUpgradeCheck = 1430;
				TargetAttributes = {
					501783182A312F7F00FE406D = {
						CreatedOnToolsVersion = 14.3;
					};
					5017832E2A312F8000FE406D = {
						CreatedOnToolsVersion = 14.3;
						TestTargetID = 501783182A312F7F00FE406D;
					};
					501783382A312F8000FE406D = {
						CreatedOnToolsVersion = 14.3;
						TestTargetID = 501783182A312F7F00FE406D;
					};
				};
			};
			buildConfigurationList = 501783142A312F7F00FE406D /* Build configuration list for PBXProject "MVVMApiCall" */;
			compatibilityVersion = "Xcode 14.0";
			developmentRegion = en;
			hasScannedForEncodings = 0;
			knownRegions = (
				en,
				Base,
			);
			mainGroup = 501783102A312F7F00FE406D;
			productRefGroup = 5017831A2A312F7F00FE406D /* Products */;
			projectDirPath = "";
			projectRoot = "";
			targets = (
				501783182A312F7F00FE406D /* MVVMApiCall */,
				5017832E2A312F8000FE406D /* MVVMApiCallTests */,
				501783382A312F8000FE406D /* MVVMApiCallUITests */,
			);
		};
/* End PBXProject section */

/* Begin PBXResourcesBuildPhase section */
		501783172A312F7F00FE406D /* Resources */ = {
			isa = PBXResourcesBuildPhase;
			buildActionMask = 2147483647;
			files = (
				501783292A312F8000FE406D /* LaunchScreen.storyboard in Resources */,
				501783262A312F8000FE406D /* Assets.xcassets in Resources */,
				501783242A312F7F00FE406D /* Main.storyboard in Resources */,
			);
			runOnlyForDeploymentPostprocessing = 0;
		};
		5017832D2A312F8000FE406D /* Resources */ = {
			isa = PBXResourcesBuildPhase;
			buildActionMask = 2147483647;
			files = (
			);
			runOnlyForDeploymentPostprocessing = 0;
		};
		501783372A312F8000FE406D /* Resources */ = {
			isa = PBXResourcesBuildPhase;
			buildActionMask = 2147483647;
			files = (
			);
			runOnlyForDeploymentPostprocessing = 0;
		};
/* End PBXResourcesBuildPhase section */

/* Begin PBXSourcesBuildPhase section */
		501783152A312F7F00FE406D /* Sources */ = {
			isa = PBXSourcesBuildPhase;
			buildActionMask = 2147483647;
			files = (
				501783212A312F7F00FE406D /* ViewController.swift in Sources */,
				5017831D2A312F7F00FE406D /* AppDelegate.swift in Sources */,
				5017831F2A312F7F00FE406D /* SceneDelegate.swift in Sources */,
			);
			runOnlyForDeploymentPostprocessing = 0;
		};
		5017832B2A312F8000FE406D /* Sources */ = {
			isa = PBXSourcesBuildPhase;
			buildActionMask = 2147483647;
			files = (
				501783342A312F8000FE406D /* MVVMApiCallTests.swift in Sources */,
			);
			runOnlyForDeploymentPostprocessing = 0;
		};
		501783352A312F8000FE406D /* Sources */ = {
			isa = PBXSourcesBuildPhase;
			buildActionMask = 2147483647;
			files = (
				5017833E2A312F8000FE406D /* MVVMApiCallUITests.swift in Sources */,
				501783402A312F8000FE406D /* MVVMApiCallUITestsLaunchTests.swift in Sources */,
			);
			runOnlyForDeploymentPostprocessing = 0;
		};
/* End PBXSourcesBuildPhase section */

/* Begin PBXTargetDependency section */
		501783312A312F8000FE406D /* PBXTargetDependency */ = {
			isa = PBXTargetDependency;
			target = 501783182A312F7F00FE406D /* MVVMApiCall */;
			targetProxy = 501783302A312F8000FE406D /* PBXContainerItemProxy */;
		};
		5017833B2A312F8000FE406D /* PBXTargetDependency */ = {
			isa = PBXTargetDependency;
			target = 501783182A312F7F00FE406D /* MVVMApiCall */;
			targetProxy = 5017833A2A312F8000FE406D /* PBXContainerItemProxy */;
		};
/* End PBXTargetDependency section */

/* Begin PBXVariantGroup section */
		501783222A312F7F00FE406D /* Main.storyboard */ = {
			isa = PBXVariantGroup;
			children = (
				501783232A312F7F00FE406D /* Base */,
			);
			name = Main.storyboard;
			sourceTree = "<group>";
		};
		501783272A312F8000FE406D /* LaunchScreen.storyboard */ = {
			isa = PBXVariantGroup;
			children = (
				501783282A312F8000FE406D /* Base */,
			);
			name = LaunchScreen.storyboard;
			sourceTree = "<group>";
		};
/* End PBXVariantGroup section */

/* Begin XCBuildConfiguration section */
		501783412A312F8000FE406D /* Debug */ = {
			isa = XCBuildConfiguration;
			buildSettings = {
				ALWAYS_SEARCH_USER_PATHS = NO;
				CLANG_ANALYZER_NONNULL = YES;
				CLANG_ANALYZER_NUMBER_OBJECT_CONVERSION = YES_AGGRESSIVE;
				CLANG_CXX_LANGUAGE_STANDARD = "gnu++20";
				CLANG_ENABLE_MODULES = YES;
				CLANG_ENABLE_OBJC_ARC = YES;
				CLANG_ENABLE_OBJC_WEAK = YES;
				CLANG_WARN_BLOCK_CAPTURE_AUTORELEASING = YES;
				CLANG_WARN_BOOL_CONVERSION = YES;
				CLANG_WARN_COMMA = YES;
				CLANG_WARN_CONSTANT_CONVERSION = YES;
				CLANG_WARN_DEPRECATED_OBJC_IMPLEMENTATIONS = YES;
				CLANG_WARN_DIRECT_OBJC_ISA_USAGE = YES_ERROR;
				CLANG_WARN_DOCUMENTATION_COMMENTS = YES;
				CLANG_WARN_EMPTY_BODY = YES;
				CLANG_WARN_ENUM_CONVERSION = YES;
				CLANG_WARN_INFINITE_RECURSION = YES;
				CLANG_WARN_INT_CONVERSION = YES;
				CLANG_WARN_NON_LITERAL_NULL_CONVERSION = YES;
				CLANG_WARN_OBJC_IMPLICIT_RETAIN_SELF = YES;
				CLANG_WARN_OBJC_LITERAL_CONVERSION = YES;
				CLANG_WARN_OBJC_ROOT_CLASS = YES_ERROR;
				CLANG_WARN_QUOTED_INCLUDE_IN_FRAMEWORK_HEADER = YES;
				CLANG_WARN_RANGE_LOOP_ANALYSIS = YES;
				CLANG_WARN_STRICT_PROTOTYPES = YES;
				CLANG_WARN_SUSPICIOUS_MOVE = YES;
				CLANG_WARN_UNGUARDED_AVAILABILITY = YES_AGGRESSIVE;
				CLANG_WARN_UNREACHABLE_CODE = YES;
				CLANG_WARN__DUPLICATE_METHOD_MATCH = YES;
				COPY_PHASE_STRIP = NO;
				DEBUG_INFORMATION_FORMAT = dwarf;
				ENABLE_STRICT_OBJC_MSGSEND = YES;
				ENABLE_TESTABILITY = YES;
				GCC_C_LANGUAGE_STANDARD = gnu11;
				GCC_DYNAMIC_NO_PIC = NO;
				GCC_NO_COMMON_BLOCKS = YES;
				GCC_OPTIMIZATION_LEVEL = 0;
				GCC_PREPROCESSOR_DEFINITIONS = (
					"DEBUG=1",
					"$(inherited)",
				);
				GCC_WARN_64_TO_32_BIT_CONVERSION = YES;
				GCC_WARN_ABOUT_RETURN_TYPE = YES_ERROR;
				GCC_WARN_UNDECLARED_SELECTOR = YES;
				GCC_WARN_UNINITIALIZED_AUTOS = YES_AGGRESSIVE;
				GCC_WARN_UNUSED_FUNCTION = YES;
				GCC_WARN_UNUSED_VARIABLE = YES;
				IPHONEOS_DEPLOYMENT_TARGET = 16.4;
				MTL_ENABLE_DEBUG_INFO = INCLUDE_SOURCE;
				MTL_FAST_MATH = YES;
				ONLY_ACTIVE_ARCH = YES;
				SDKROOT = iphoneos;
				SWIFT_ACTIVE_COMPILATION_CONDITIONS = DEBUG;
				SWIFT_OPTIMIZATION_LEVEL = "-Onone";
			};
			name = Debug;
		};
		501783422A312F8000FE406D /* Release */ = {
			isa = XCBuildConfiguration;
			buildSettings = {
				ALWAYS_SEARCH_USER_PATHS = NO;
				CLANG_ANALYZER_NONNULL = YES;
				CLANG_ANALYZER_NUMBER_OBJECT_CONVERSION = YES_AGGRESSIVE;
				CLANG_CXX_LANGUAGE_STANDARD = "gnu++20";
				CLANG_ENABLE_MODULES = YES;
				CLANG_ENABLE_OBJC_ARC = YES;
				CLANG_ENABLE_OBJC_WEAK = YES;
				CLANG_WARN_BLOCK_CAPTURE_AUTORELEASING = YES;
				CLANG_WARN_BOOL_CONVERSION = YES;
				CLANG_WARN_COMMA = YES;
				CLANG_WARN_CONSTANT_CONVERSION = YES;
				CLANG_WARN_DEPRECATED_OBJC_IMPLEMENTATIONS = YES;
				CLANG_WARN_DIRECT_OBJC_ISA_USAGE = YES_ERROR;
				CLANG_WARN_DOCUMENTATION_COMMENTS = YES;
				CLANG_WARN_EMPTY_BODY = YES;
				CLANG_WARN_ENUM_CONVERSION = YES;
				CLANG_WARN_INFINITE_RECURSION = YES;
				CLANG_WARN_INT_CONVERSION = YES;
				CLANG_WARN_NON_LITERAL_NULL_CONVERSION = YES;
				CLANG_WARN_OBJC_IMPLICIT_RETAIN_SELF = YES;
				CLANG_WARN_OBJC_LITERAL_CONVERSION = YES;
				CLANG_WARN_OBJC_ROOT_CLASS = YES_ERROR;
				CLANG_WARN_QUOTED_INCLUDE_IN_FRAMEWORK_HEADER = YES;
				CLANG_WARN_RANGE_LOOP_ANALYSIS = YES;
				CLANG_WARN_STRICT_PROTOTYPES = YES;
				CLANG_WARN_SUSPICIOUS_MOVE = YES;
				CLANG_WARN_UNGUARDED_AVAILABILITY = YES_AGGRESSIVE;
				CLANG_WARN_UNREACHABLE_CODE = YES;
				CLANG_WARN__DUPLICATE_METHOD_MATCH = YES;
				COPY_PHASE_STRIP = NO;
				DEBUG_INFORMATION_FORMAT = "dwarf-with-dsym";
				ENABLE_NS_ASSERTIONS = NO;
				ENABLE_STRICT_OBJC_MSGSEND = YES;
				GCC_C_LANGUAGE_STANDARD = gnu11;
				GCC_NO_COMMON_BLOCKS = YES;
				GCC_WARN_64_TO_32_BIT_CONVERSION = YES;
				GCC_WARN_ABOUT_RETURN_TYPE = YES_ERROR;
				GCC_WARN_UNDECLARED_SELECTOR = YES;
				GCC_WARN_UNINITIALIZED_AUTOS = YES_AGGRESSIVE;
				GCC_WARN_UNUSED_FUNCTION = YES;
				GCC_WARN_UNUSED_VARIABLE = YES;
				IPHONEOS_DEPLOYMENT_TARGET = 16.4;
				MTL_ENABLE_DEBUG_INFO = NO;
				MTL_FAST_MATH = YES;
				SDKROOT = iphoneos;
				SWIFT_COMPILATION_MODE = wholemodule;
				SWIFT_OPTIMIZATION_LEVEL = "-O";
				VALIDATE_PRODUCT = YES;
			};
			name = Release;
		};
		501783442A312F8000FE406D /* Debug */ = {
			isa = XCBuildConfiguration;
			buildSettings = {
				ASSETCATALOG_COMPILER_APPICON_NAME = AppIcon;
				ASSETCATALOG_COMPILER_GLOBAL_ACCENT_COLOR_NAME = AccentColor;
				CODE_SIGN_STYLE = Automatic;
				CURRENT_PROJECT_VERSION = 1;
				GENERATE_INFOPLIST_FILE = YES;
				INFOPLIST_FILE = MVVMApiCall/Info.plist;
				INFOPLIST_KEY_UIApplicationSupportsIndirectInputEvents = YES;
				INFOPLIST_KEY_UILaunchStoryboardName = LaunchScreen;
				INFOPLIST_KEY_UIMainStoryboardFile = Main;
				INFOPLIST_KEY_UISupportedInterfaceOrientations_iPad = "UIInterfaceOrientationPortrait UIInterfaceOrientationPortraitUpsideDown UIInterfaceOrientationLandscapeLeft UIInterfaceOrientationLandscapeRight";
				INFOPLIST_KEY_UISupportedInterfaceOrientations_iPhone = "UIInterfaceOrientationPortrait UIInterfaceOrientationLandscapeLeft UIInterfaceOrientationLandscapeRight";
				LD_RUNPATH_SEARCH_PATHS = (
					"$(inherited)",
					"@executable_path/Frameworks",
				);
				MARKETING_VERSION = 1.0;
				PRODUCT_BUNDLE_IDENTIFIER = com.kaushik.pvl.ltd.MVVMApiCall;
				PRODUCT_NAME = "$(TARGET_NAME)";
				SWIFT_EMIT_LOC_STRINGS = YES;
				SWIFT_VERSION = 5.0;
				TARGETED_DEVICE_FAMILY = "1,2";
			};
			name = Debug;
		};
		501783452A312F8000FE406D /* Release */ = {
			isa = XCBuildConfiguration;
			buildSettings = {
				ASSETCATALOG_COMPILER_APPICON_NAME = AppIcon;
				ASSETCATALOG_COMPILER_GLOBAL_ACCENT_COLOR_NAME = AccentColor;
				CODE_SIGN_STYLE = Automatic;
				CURRENT_PROJECT_VERSION = 1;
				GENERATE_INFOPLIST_FILE = YES;
				INFOPLIST_FILE = MVVMApiCall/Info.plist;
				INFOPLIST_KEY_UIApplicationSupportsIndirectInputEvents = YES;
				INFOPLIST_KEY_UILaunchStoryboardName = LaunchScreen;
				INFOPLIST_KEY_UIMainStoryboardFile = Main;
				INFOPLIST_KEY_UISupportedInterfaceOrientations_iPad = "UIInterfaceOrientationPortrait UIInterfaceOrientationPortraitUpsideDown UIInterfaceOrientationLandscapeLeft UIInterfaceOrientationLandscapeRight";
				INFOPLIST_KEY_UISupportedInterfaceOrientations_iPhone = "UIInterfaceOrientationPortrait UIInterfaceOrientationLandscapeLeft UIInterfaceOrientationLandscapeRight";
				LD_RUNPATH_SEARCH_PATHS = (
					"$(inherited)",
					"@executable_path/Frameworks",
				);
				MARKETING_VERSION = 1.0;
				PRODUCT_BUNDLE_IDENTIFIER = com.kaushik.pvl.ltd.MVVMApiCall;
				PRODUCT_NAME = "$(TARGET_NAME)";
				SWIFT_EMIT_LOC_STRINGS = YES;
				SWIFT_VERSION = 5.0;
				TARGETED_DEVICE_FAMILY = "1,2";
			};
			name = Release;
		};
		501783472A312F8000FE406D /* Debug */ = {
			isa = XCBuildConfiguration;
			buildSettings = {
				ALWAYS_EMBED_SWIFT_STANDARD_LIBRARIES = YES;
				BUNDLE_LOADER = "$(TEST_HOST)";
				CODE_SIGN_STYLE = Automatic;
				CURRENT_PROJECT_VERSION = 1;
				GENERATE_INFOPLIST_FILE = YES;
				IPHONEOS_DEPLOYMENT_TARGET = 16.4;
				MARKETING_VERSION = 1.0;
				PRODUCT_BUNDLE_IDENTIFIER = com.kaushik.pvl.ltd.MVVMApiCallTests;
				PRODUCT_NAME = "$(TARGET_NAME)";
				SWIFT_EMIT_LOC_STRINGS = NO;
				SWIFT_VERSION = 5.0;
				TARGETED_DEVICE_FAMILY = "1,2";
				TEST_HOST = "$(BUILT_PRODUCTS_DIR)/MVVMApiCall.app/$(BUNDLE_EXECUTABLE_FOLDER_PATH)/MVVMApiCall";
			};
			name = Debug;
		};
		501783482A312F8000FE406D /* Release */ = {
			isa = XCBuildConfiguration;
			buildSettings = {
				ALWAYS_EMBED_SWIFT_STANDARD_LIBRARIES = YES;
				BUNDLE_LOADER = "$(TEST_HOST)";
				CODE_SIGN_STYLE = Automatic;
				CURRENT_PROJECT_VERSION = 1;
				GENERATE_INFOPLIST_FILE = YES;
				IPHONEOS_DEPLOYMENT_TARGET = 16.4;
				MARKETING_VERSION = 1.0;
				PRODUCT_BUNDLE_IDENTIFIER = com.kaushik.pvl.ltd.MVVMApiCallTests;
				PRODUCT_NAME = "$(TARGET_NAME)";
				SWIFT_EMIT_LOC_STRINGS = NO;
				SWIFT_VERSION = 5.0;
				TARGETED_DEVICE_FAMILY = "1,2";
				TEST_HOST = "$(BUILT_PRODUCTS_DIR)/MVVMApiCall.app/$(BUNDLE_EXECUTABLE_FOLDER_PATH)/MVVMApiCall";
			};
			name = Release;
		};
		5017834A2A312F8000FE406D /* Debug */ = {
			isa = XCBuildConfiguration;
			buildSettings = {
				ALWAYS_EMBED_SWIFT_STANDARD_LIBRARIES = YES;
				CODE_SIGN_STYLE = Automatic;
				CURRENT_PROJECT_VERSION = 1;
				GENERATE_INFOPLIST_FILE = YES;
				MARKETING_VERSION = 1.0;
				PRODUCT_BUNDLE_IDENTIFIER = com.kaushik.pvl.ltd.MVVMApiCallUITests;
				PRODUCT_NAME = "$(TARGET_NAME)";
				SWIFT_EMIT_LOC_STRINGS = NO;
				SWIFT_VERSION = 5.0;
				TARGETED_DEVICE_FAMILY = "1,2";
				TEST_TARGET_NAME = MVVMApiCall;
			};
			name = Debug;
		};
		5017834B2A312F8000FE406D /* Release */ = {
			isa = XCBuildConfiguration;
			buildSettings = {
				ALWAYS_EMBED_SWIFT_STANDARD_LIBRARIES = YES;
				CODE_SIGN_STYLE = Automatic;
				CURRENT_PROJECT_VERSION = 1;
				GENERATE_INFOPLIST_FILE = YES;
				MARKETING_VERSION = 1.0;
				PRODUCT_BUNDLE_IDENTIFIER = com.kaushik.pvl.ltd.MVVMApiCallUITests;
				PRODUCT_NAME = "$(TARGET_NAME)";
				SWIFT_EMIT_LOC_STRINGS = NO;
				SWIFT_VERSION = 5.0;
				TARGETED_DEVICE_FAMILY = "1,2";
				TEST_TARGET_NAME = MVVMApiCall;
			};
			name = Release;
		};
/* End XCBuildConfiguration section */

/* Begin XCConfigurationList section */
		501783142A312F7F00FE406D /* Build configuration list for PBXProject "MVVMApiCall" */ = {
			isa = XCConfigurationList;
			buildConfigurations = (
				501783412A312F8000FE406D /* Debug */,
				501783422A312F8000FE406D /* Release */,
			);
			defaultConfigurationIsVisible = 0;
			defaultConfigurationName = Release;
		};
		501783432A312F8000FE406D /* Build configuration list for PBXNativeTarget "MVVMApiCall" */ = {
			isa = XCConfigurationList;
			buildConfigurations = (
				501783442A312F8000FE406D /* Debug */,
				501783452A312F8000FE406D /* Release */,
			);
			defaultConfigurationIsVisible = 0;
			defaultConfigurationName = Release;
		};
		501783462A312F8000FE406D /* Build configuration list for PBXNativeTarget "MVVMApiCallTests" */ = {
			isa = XCConfigurationList;
			buildConfigurations = (
				501783472A312F8000FE406D /* Debug */,
				501783482A312F8000FE406D /* Release */,
			);
			defaultConfigurationIsVisible = 0;
			defaultConfigurationName = Release;
		};
		501783492A312F8000FE406D /* Build configuration list for PBXNativeTarget "MVVMApiCallUITests" */ = {
			isa = XCConfigurationList;
			buildConfigurations = (
				5017834A2A312F8000FE406D /* Debug */,
				5017834B2A312F8000FE406D /* Release */,
			);
			defaultConfigurationIsVisible = 0;
			defaultConfigurationName = Release;
		};
/* End XCConfigurationList section */
	};
	rootObject = 501783112A312F7F00FE406D /* Project object */;
}
